
Microsoft Visual Studio Solution File, Format Version 12.00
# Visual Studio 15
VisualStudioVersion = 15.0.28307.489
MinimumVisualStudioVersion = 10.0.40219.1
Project("{FAE04EC0-301F-11D3-BF4B-00C04F79EFBC}") = "Tccc2019.ApiBooster", "Tccc2019.ApiBooster\Tccc2019.ApiBooster.csproj", "{8800CD31-80A2-4E55-8FCD-AB00D67C0425}"
EndProject
Global
	GlobalSection(SolutionConfigurationPlatforms) = preSolution
		Debug|Any CPU = Debug|Any CPU
		Release|Any CPU = Release|Any CPU
	EndGlobalSection
	GlobalSection(ProjectConfigurationPlatforms) = postSolution
		{8800CD31-80A2-4E55-8FCD-AB00D67C0425}.Debug|Any CPU.ActiveCfg = Debug|Any CPU
		{8800CD31-80A2-4E55-8FCD-AB00D67C0425}.Debug|Any CPU.Build.0 = Debug|Any CPU
		{8800CD31-80A2-4E55-8FCD-AB00D67C0425}.Release|Any CPU.ActiveCfg = Release|Any CPU
		{8800CD31-80A2-4E55-8FCD-AB00D67C0425}.Release|Any CPU.Build.0 = Release|Any CPU
	EndGlobalSection
	GlobalSection(SolutionProperties) = preSolution
		HideSolutionNode = FALSE
	EndGlobalSection
	GlobalSection(ExtensibilityGlobals) = postSolution
		SolutionGuid = {E4FFA8B4-B595-4583-89FF-F05A1C5C89D5}
	EndGlobalSection
EndGlobal
